
Microsoft Visual Studio Solution File, Format Version 12.00
# Visual Studio Version 16
VisualStudioVersion = 16.0.29519.181
MinimumVisualStudioVersion = 10.0.40219.1
Project("{9A19103F-16F7-4668-BE54-9A1E7A4F7556}") = "AdventOfCodeApp", "AdventOfCodeApp\AdventOfCodeApp.csproj", "{782EFA21-9E1E-4124-A434-2A3EE426A38E}"
EndProject
Global
	GlobalSection(SolutionConfigurationPlatforms) = preSolution
		Debug|Any CPU = Debug|Any CPU
		Release|Any CPU = Release|Any CPU
	EndGlobalSection
	GlobalSection(ProjectConfigurationPlatforms) = postSolution
		{782EFA21-9E1E-4124-A434-2A3EE426A38E}.Debug|Any CPU.ActiveCfg = Debug|Any CPU
		{782EFA21-9E1E-4124-A434-2A3EE426A38E}.Debug|Any CPU.Build.0 = Debug|Any CPU
		{782EFA21-9E1E-4124-A434-2A3EE426A38E}.Release|Any CPU.ActiveCfg = Release|Any CPU
		{782EFA21-9E1E-4124-A434-2A3EE426A38E}.Release|Any CPU.Build.0 = Release|Any CPU
	EndGlobalSection
	GlobalSection(SolutionProperties) = preSolution
		HideSolutionNode = FALSE
	EndGlobalSection
	GlobalSection(ExtensibilityGlobals) = postSolution
		SolutionGuid = {EA9337B4-F891-45E2-99A6-9F5CA9C5670A}
	EndGlobalSection
EndGlobal
